<Solution>
  <Folder Name="/src/">
    <Project Path="src/OpenSuperWhisper.Core/OpenSuperWhisper.Core.csproj" />
    <Project Path="src/OpenSuperWhisper.Interop/OpenSuperWhisper.Interop.csproj" />
  </Folder>
  <Folder Name="/tests/">
    <Project Path="tests/OpenSuperWhisper.Tests/OpenSuperWhisper.Tests.csproj" />
  </Folder>
</Solution>
